// !$*UTF8*$!
{
	archiveVersion = 1;
	classes = {
	};
	objectVersion = 48;
	objects = {

/* Begin PBXBuildFile section */
		D180251E205BF8CF00791803 /* AppDelegate.swift in Sources */ = {isa = PBXBuildFile; fileRef = D180251D205BF8CF00791803 /* AppDelegate.swift */; };
		D1802523205BF8CF00791803 /* Main.storyboard in Resources */ = {isa = PBXBuildFile; fileRef = D1802521205BF8CF00791803 /* Main.storyboard */; };
		D1802525205BF8CF00791803 /* Assets.xcassets in Resources */ = {isa = PBXBuildFile; fileRef = D1802524205BF8CF00791803 /* Assets.xcassets */; };
		D1802528205BF8CF00791803 /* LaunchScreen.storyboard in Resources */ = {isa = PBXBuildFile; fileRef = D1802526205BF8CF00791803 /* LaunchScreen.storyboard */; };
		D1D3A024205D7A4500243205 /* ConversionViewController.swift in Sources */ = {isa = PBXBuildFile; fileRef = D1D3A023205D7A4500243205 /* ConversionViewController.swift */; };
		D1D3A027205E35A000243205 /* MapKit.framework in Frameworks */ = {isa = PBXBuildFile; fileRef = D1D3A026205E35A000243205 /* MapKit.framework */; };
		D1D3A029205E383300243205 /* MapViewController.swift in Sources */ = {isa = PBXBuildFile; fileRef = D1D3A028205E383300243205 /* MapViewController.swift */; };
		D1D3A02B205EC18000243205 /* WebViewController.swift in Sources */ = {isa = PBXBuildFile; fileRef = D1D3A02A205EC18000243205 /* WebViewController.swift */; };
/* End PBXBuildFile section */

/* Begin PBXFileReference section */
		D180251A205BF8CF00791803 /* WorldTroter.app */ = {isa = PBXFileReference; explicitFileType = wrapper.application; includeInIndex = 0; path = WorldTroter.app; sourceTree = BUILT_PRODUCTS_DIR; };
		D180251D205BF8CF00791803 /* AppDelegate.swift */ = {isa = PBXFileReference; lastKnownFileType = sourcecode.swift; path = AppDelegate.swift; sourceTree = "<group>"; };
		D1802522205BF8CF00791803 /* Base */ = {isa = PBXFileReference; lastKnownFileType = file.storyboard; name = Base; path = Base.lproj/Main.storyboard; sourceTree = "<group>"; };
		D1802524205BF8CF00791803 /* Assets.xcassets */ = {isa = PBXFileReference; lastKnownFileType = folder.assetcatalog; path = Assets.xcassets; sourceTree = "<group>"; };
		D1802527205BF8CF00791803 /* Base */ = {isa = PBXFileReference; lastKnownFileType = file.storyboard; name = Base; path = Base.lproj/LaunchScreen.storyboard; sourceTree = "<group>"; };
		D1802529205BF8CF00791803 /* Info.plist */ = {isa = PBXFileReference; lastKnownFileType = text.plist.xml; path = Info.plist; sourceTree = "<group>"; };
		D1D3A023205D7A4500243205 /* ConversionViewController.swift */ = {isa = PBXFileReference; lastKnownFileType = sourcecode.swift; path = ConversionViewController.swift; sourceTree = "<group>"; };
		D1D3A026205E35A000243205 /* MapKit.framework */ = {isa = PBXFileReference; lastKnownFileType = wrapper.framework; name = MapKit.framework; path = System/Library/Frameworks/MapKit.framework; sourceTree = SDKROOT; };
		D1D3A028205E383300243205 /* MapViewController.swift */ = {isa = PBXFileReference; lastKnownFileType = sourcecode.swift; path = MapViewController.swift; sourceTree = "<group>"; };
		D1D3A02A205EC18000243205 /* WebViewController.swift */ = {isa = PBXFileReference; lastKnownFileType = sourcecode.swift; path = WebViewController.swift; sourceTree = "<group>"; };
/* End PBXFileReference section */

/* Begin PBXFrameworksBuildPhase section */
		D1802517205BF8CF00791803 /* Frameworks */ = {
			isa = PBXFrameworksBuildPhase;
			buildActionMask = 2147483647;
			files = (
				D1D3A027205E35A000243205 /* MapKit.framework in Frameworks */,
			);
			runOnlyForDeploymentPostprocessing = 0;
		};
/* End PBXFrameworksBuildPhase section */

/* Begin PBXGroup section */
		D1802511205BF8CF00791803 = {
			isa = PBXGroup;
			children = (
				D180251C205BF8CF00791803 /* WorldTroter */,
				D180251B205BF8CF00791803 /* Products */,
				D1D3A025205E359F00243205 /* Frameworks */,
			);
			sourceTree = "<group>";
		};
		D180251B205BF8CF00791803 /* Products */ = {
			isa = PBXGroup;
			children = (
				D180251A205BF8CF00791803 /* WorldTroter.app */,
			);
			name = Products;
			sourceTree = "<group>";
		};
		D180251C205BF8CF00791803 /* WorldTroter */ = {
			isa = PBXGroup;
			children = (
				D180251D205BF8CF00791803 /* AppDelegate.swift */,
				D1D3A023205D7A4500243205 /* ConversionViewController.swift */,
				D1D3A028205E383300243205 /* MapViewController.swift */,
				D1D3A02A205EC18000243205 /* WebViewController.swift */,
				D1802521205BF8CF00791803 /* Main.storyboard */,
				D1802524205BF8CF00791803 /* Assets.xcassets */,
				D1802526205BF8CF00791803 /* LaunchScreen.storyboard */,
				D1802529205BF8CF00791803 /* Info.plist */,
			);
			path = WorldTroter;
			sourceTree = "<group>";
		};
		D1D3A025205E359F00243205 /* Frameworks */ = {
			isa = PBXGroup;
			children = (
				D1D3A026205E35A000243205 /* MapKit.framework */,
			);
			name = Frameworks;
			sourceTree = "<group>";
		};
/* End PBXGroup section */

/* Begin PBXNativeTarget section */
		D1802519205BF8CF00791803 /* WorldTroter */ = {
			isa = PBXNativeTarget;
			buildConfigurationList = D180252C205BF8CF00791803 /* Build configuration list for PBXNativeTarget "WorldTroter" */;
			buildPhases = (
				D1802516205BF8CF00791803 /* Sources */,
				D1802517205BF8CF00791803 /* Frameworks */,
				D1802518205BF8CF00791803 /* Resources */,
			);
			buildRules = (
			);
			dependencies = (
			);
			name = WorldTroter;
			productName = WorldTroter;
			productReference = D180251A205BF8CF00791803 /* WorldTroter.app */;
			productType = "com.apple.product-type.application";
		};
/* End PBXNativeTarget section */

/* Begin PBXProject section */
		D1802512205BF8CF00791803 /* Project object */ = {
			isa = PBXProject;
			attributes = {
				LastSwiftUpdateCheck = 0920;
				LastUpgradeCheck = 0920;
				ORGANIZATIONNAME = huangjs;
				TargetAttributes = {
					D1802519205BF8CF00791803 = {
						CreatedOnToolsVersion = 9.2;
						ProvisioningStyle = Automatic;
					};
				};
			};
			buildConfigurationList = D1802515205BF8CF00791803 /* Build configuration list for PBXProject "WorldTroter" */;
			compatibilityVersion = "Xcode 8.0";
			developmentRegion = en;
			hasScannedForEncodings = 0;
			knownRegions = (
				en,
				Base,
			);
			mainGroup = D1802511205BF8CF00791803;
			productRefGroup = D180251B205BF8CF00791803 /* Products */;
			projectDirPath = "";
			projectRoot = "";
			targets = (
				D1802519205BF8CF00791803 /* WorldTroter */,
			);
		};
/* End PBXProject section */

/* Begin PBXResourcesBuildPhase section */
		D1802518205BF8CF00791803 /* Resources */ = {
			isa = PBXResourcesBuildPhase;
			buildActionMask = 2147483647;
			files = (
				D1802528205BF8CF00791803 /* LaunchScreen.storyboard in Resources */,
				D1802525205BF8CF00791803 /* Assets.xcassets in Resources */,
				D1802523205BF8CF00791803 /* Main.storyboard in Resources */,
			);
			runOnlyForDeploymentPostprocessing = 0;
		};
/* End PBXResourcesBuildPhase section */

/* Begin PBXSourcesBuildPhase section */
		D1802516205BF8CF00791803 /* Sources */ = {
			isa = PBXSourcesBuildPhase;
			buildActionMask = 2147483647;
			files = (
				D1D3A024205D7A4500243205 /* ConversionViewController.swift in Sources */,
				D1D3A029205E383300243205 /* MapViewController.swift in Sources */,
				D180251E205BF8CF00791803 /* AppDelegate.swift in Sources */,
				D1D3A02B205EC18000243205 /* WebViewController.swift in Sources */,
			);
			runOnlyForDeploymentPostprocessing = 0;
		};
/* End PBXSourcesBuildPhase section */

/* Begin PBXVariantGroup section */
		D1802521205BF8CF00791803 /* Main.storyboard */ = {
			isa = PBXVariantGroup;
			children = (
				D1802522205BF8CF00791803 /* Base */,
			);
			name = Main.storyboard;
			sourceTree = "<group>";
		};
		D1802526205BF8CF00791803 /* LaunchScreen.storyboard */ = {
			isa = PBXVariantGroup;
			children = (
				D1802527205BF8CF00791803 /* Base */,
			);
			name = LaunchScreen.storyboard;
			sourceTree = "<group>";
		};
/* End PBXVariantGroup section */

/* Begin XCBuildConfiguration section */
		D180252A205BF8CF00791803 /* Debug */ = {
			isa = XCBuildConfiguration;
			buildSettings = {
				ALWAYS_SEARCH_USER_PATHS = NO;
				CLANG_ANALYZER_NONNULL = YES;
				CLANG_ANALYZER_NUMBER_OBJECT_CONVERSION = YES_AGGRESSIVE;
				CLANG_CXX_LANGUAGE_STANDARD = "gnu++14";
				CLANG_CXX_LIBRARY = "libc++";
				CLANG_ENABLE_MODULES = YES;
				CLANG_ENABLE_OBJC_ARC = YES;
				CLANG_WARN_BLOCK_CAPTURE_AUTORELEASING = YES;
				CLANG_WARN_BOOL_CONVERSION = YES;
				CLANG_WARN_COMMA = YES;
				CLANG_WARN_CONSTANT_CONVERSION = YES;
				CLANG_WARN_DIRECT_OBJC_ISA_USAGE = YES_ERROR;
				CLANG_WARN_DOCUMENTATION_COMMENTS = YES;
				CLANG_WARN_EMPTY_BODY = YES;
				CLANG_WARN_ENUM_CONVERSION = YES;
				CLANG_WARN_INFINITE_RECURSION = YES;
				CLANG_WARN_INT_CONVERSION = YES;
				CLANG_WARN_NON_LITERAL_NULL_CONVERSION = YES;
				CLANG_WARN_OBJC_LITERAL_CONVERSION = YES;
				CLANG_WARN_OBJC_ROOT_CLASS = YES_ERROR;
				CLANG_WARN_RANGE_LOOP_ANALYSIS = YES;
				CLANG_WARN_STRICT_PROTOTYPES = YES;
				CLANG_WARN_SUSPICIOUS_MOVE = YES;
				CLANG_WARN_UNGUARDED_AVAILABILITY = YES_AGGRESSIVE;
				CLANG_WARN_UNREACHABLE_CODE = YES;
				CLANG_WARN__DUPLICATE_METHOD_MATCH = YES;
				CODE_SIGN_IDENTITY = "iPhone Developer";
				COPY_PHASE_STRIP = NO;
				DEBUG_INFORMATION_FORMAT = dwarf;
				ENABLE_STRICT_OBJC_MSGSEND = YES;
				ENABLE_TESTABILITY = YES;
				GCC_C_LANGUAGE_STANDARD = gnu11;
				GCC_DYNAMIC_NO_PIC = NO;
				GCC_NO_COMMON_BLOCKS = YES;
				GCC_OPTIMIZATION_LEVEL = 0;
				GCC_PREPROCESSOR_DEFINITIONS = (
					"DEBUG=1",
					"$(inherited)",
				);
				GCC_WARN_64_TO_32_BIT_CONVERSION = YES;
				GCC_WARN_ABOUT_RETURN_TYPE = YES_ERROR;
				GCC_WARN_UNDECLARED_SELECTOR = YES;
				GCC_WARN_UNINITIALIZED_AUTOS = YES_AGGRESSIVE;
				GCC_WARN_UNUSED_FUNCTION = YES;
				GCC_WARN_UNUSED_VARIABLE = YES;
				IPHONEOS_DEPLOYMENT_TARGET = 11.2;
				MTL_ENABLE_DEBUG_INFO = YES;
				ONLY_ACTIVE_ARCH = YES;
				SDKROOT = iphoneos;
				SWIFT_ACTIVE_COMPILATION_CONDITIONS = DEBUG;
				SWIFT_OPTIMIZATION_LEVEL = "-Onone";
			};
			name = Debug;
		};
		D180252B205BF8CF00791803 /* Release */ = {
			isa = XCBuildConfiguration;
			buildSettings = {
				ALWAYS_SEARCH_USER_PATHS = NO;
				CLANG_ANALYZER_NONNULL = YES;
				CLANG_ANALYZER_NUMBER_OBJECT_CONVERSION = YES_AGGRESSIVE;
				CLANG_CXX_LANGUAGE_STANDARD = "gnu++14";
				CLANG_CXX_LIBRARY = "libc++";
				CLANG_ENABLE_MODULES = YES;
				CLANG_ENABLE_OBJC_ARC = YES;
				CLANG_WARN_BLOCK_CAPTURE_AUTORELEASING = YES;
				CLANG_WARN_BOOL_CONVERSION = YES;
				CLANG_WARN_COMMA = YES;
				CLANG_WARN_CONSTANT_CONVERSION = YES;
				CLANG_WARN_DIRECT_OBJC_ISA_USAGE = YES_ERROR;
				CLANG_WARN_DOCUMENTATION_COMMENTS = YES;
				CLANG_WARN_EMPTY_BODY = YES;
				CLANG_WARN_ENUM_CONVERSION = YES;
				CLANG_WARN_INFINITE_RECURSION = YES;
				CLANG_WARN_INT_CONVERSION = YES;
				CLANG_WARN_NON_LITERAL_NULL_CONVERSION = YES;
				CLANG_WARN_OBJC_LITERAL_CONVERSION = YES;
				CLANG_WARN_OBJC_ROOT_CLASS = YES_ERROR;
				CLANG_WARN_RANGE_LOOP_ANALYSIS = YES;
				CLANG_WARN_STRICT_PROTOTYPES = YES;
				CLANG_WARN_SUSPICIOUS_MOVE = YES;
				CLANG_WARN_UNGUARDED_AVAILABILITY = YES_AGGRESSIVE;
				CLANG_WARN_UNREACHABLE_CODE = YES;
				CLANG_WARN__DUPLICATE_METHOD_MATCH = YES;
				CODE_SIGN_IDENTITY = "iPhone Developer";
				COPY_PHASE_STRIP = NO;
				DEBUG_INFORMATION_FORMAT = "dwarf-with-dsym";
				ENABLE_NS_ASSERTIONS = NO;
				ENABLE_STRICT_OBJC_MSGSEND = YES;
				GCC_C_LANGUAGE_STANDARD = gnu11;
				GCC_NO_COMMON_BLOCKS = YES;
				GCC_WARN_64_TO_32_BIT_CONVERSION = YES;
				GCC_WARN_ABOUT_RETURN_TYPE = YES_ERROR;
				GCC_WARN_UNDECLARED_SELECTOR = YES;
				GCC_WARN_UNINITIALIZED_AUTOS = YES_AGGRESSIVE;
				GCC_WARN_UNUSED_FUNCTION = YES;
				GCC_WARN_UNUSED_VARIABLE = YES;
				IPHONEOS_DEPLOYMENT_TARGET = 11.2;
				MTL_ENABLE_DEBUG_INFO = NO;
				SDKROOT = iphoneos;
				SWIFT_OPTIMIZATION_LEVEL = "-Owholemodule";
				VALIDATE_PRODUCT = YES;
			};
			name = Release;
		};
		D180252D205BF8CF00791803 /* Debug */ = {
			isa = XCBuildConfiguration;
			buildSettings = {
				ASSETCATALOG_COMPILER_APPICON_NAME = AppIcon;
				CODE_SIGN_STYLE = Automatic;
				INFOPLIST_FILE = WorldTroter/Info.plist;
				LD_RUNPATH_SEARCH_PATHS = "$(inherited) @executable_path/Frameworks";
				PRODUCT_BUNDLE_IDENTIFIER = com.huangjs.WorldTroter;
				PRODUCT_NAME = "$(TARGET_NAME)";
				SWIFT_VERSION = 4.0;
				TARGETED_DEVICE_FAMILY = 1;
			};
			name = Debug;
		};
		D180252E205BF8CF00791803 /* Release */ = {
			isa = XCBuildConfiguration;
			buildSettings = {
				ASSETCATALOG_COMPILER_APPICON_NAME = AppIcon;
				CODE_SIGN_STYLE = Automatic;
				INFOPLIST_FILE = WorldTroter/Info.plist;
				LD_RUNPATH_SEARCH_PATHS = "$(inherited) @executable_path/Frameworks";
				PRODUCT_BUNDLE_IDENTIFIER = com.huangjs.WorldTroter;
				PRODUCT_NAME = "$(TARGET_NAME)";
				SWIFT_VERSION = 4.0;
				TARGETED_DEVICE_FAMILY = 1;
			};
			name = Release;
		};
/* End XCBuildConfiguration section */

/* Begin XCConfigurationList section */
		D1802515205BF8CF00791803 /* Build configuration list for PBXProject "WorldTroter" */ = {
			isa = XCConfigurationList;
			buildConfigurations = (
				D180252A205BF8CF00791803 /* Debug */,
				D180252B205BF8CF00791803 /* Release */,
			);
			defaultConfigurationIsVisible = 0;
			defaultConfigurationName = Release;
		};
		D180252C205BF8CF00791803 /* Build configuration list for PBXNativeTarget "WorldTroter" */ = {
			isa = XCConfigurationList;
			buildConfigurations = (
				D180252D205BF8CF00791803 /* Debug */,
				D180252E205BF8CF00791803 /* Release */,
			);
			defaultConfigurationIsVisible = 0;
			defaultConfigurationName = Release;
		};
/* End XCConfigurationList section */
	};
	rootObject = D1802512205BF8CF00791803 /* Project object */;
}
